// !$*UTF8*$!
{
	archiveVersion = 1;
	classes = {
	};
	objectVersion = 46;
	objects = {

/* Begin PBXBuildFile section */
		38C299901D139A090061C0A2 /* main.m in Sources */ = {isa = PBXBuildFile; fileRef = 38C2998F1D139A090061C0A2 /* main.m */; };
		38C299931D139A090061C0A2 /* AppDelegate.m in Sources */ = {isa = PBXBuildFile; fileRef = 38C299921D139A090061C0A2 /* AppDelegate.m */; };
		38C299961D139A090061C0A2 /* ViewController.m in Sources */ = {isa = PBXBuildFile; fileRef = 38C299951D139A090061C0A2 /* ViewController.m */; };
		38C299991D139A090061C0A2 /* Main.storyboard in Resources */ = {isa = PBXBuildFile; fileRef = 38C299971D139A090061C0A2 /* Main.storyboard */; };
		38C2999B1D139A090061C0A2 /* Assets.xcassets in Resources */ = {isa = PBXBuildFile; fileRef = 38C2999A1D139A090061C0A2 /* Assets.xcassets */; };
		38C2999E1D139A090061C0A2 /* LaunchScreen.storyboard in Resources */ = {isa = PBXBuildFile; fileRef = 38C2999C1D139A090061C0A2 /* LaunchScreen.storyboard */; };
		38C299A91D139A0A0061C0A2 /* sadsadsadTests.m in Sources */ = {isa = PBXBuildFile; fileRef = 38C299A81D139A0A0061C0A2 /* sadsadsadTests.m */; };
		38C299B41D139A0A0061C0A2 /* sadsadsadUITests.m in Sources */ = {isa = PBXBuildFile; fileRef = 38C299B31D139A0A0061C0A2 /* sadsadsadUITests.m */; };
/* End PBXBuildFile section */

/* Begin PBXContainerItemProxy section */
		38C299A51D139A0A0061C0A2 /* PBXContainerItemProxy */ = {
			isa = PBXContainerItemProxy;
			containerPortal = 38C299831D139A090061C0A2 /* Project object */;
			proxyType = 1;
			remoteGlobalIDString = 38C2998A1D139A090061C0A2;
			remoteInfo = sadsadsad;
		};
		38C299B01D139A0A0061C0A2 /* PBXContainerItemProxy */ = {
			isa = PBXContainerItemProxy;
			containerPortal = 38C299831D139A090061C0A2 /* Project object */;
			proxyType = 1;
			remoteGlobalIDString = 38C2998A1D139A090061C0A2;
			remoteInfo = sadsadsad;
		};
/* End PBXContainerItemProxy section */

/* Begin PBXFileReference section */
		38C2998B1D139A090061C0A2 /* sadsadsad.app */ = {isa = PBXFileReference; explicitFileType = wrapper.application; includeInIndex = 0; path = sadsadsad.app; sourceTree = BUILT_PRODUCTS_DIR; };
		38C2998F1D139A090061C0A2 /* main.m */ = {isa = PBXFileReference; lastKnownFileType = sourcecode.c.objc; path = main.m; sourceTree = "<group>"; };
		38C299911D139A090061C0A2 /* AppDelegate.h */ = {isa = PBXFileReference; lastKnownFileType = sourcecode.c.h; path = AppDelegate.h; sourceTree = "<group>"; };
		38C299921D139A090061C0A2 /* AppDelegate.m */ = {isa = PBXFileReference; lastKnownFileType = sourcecode.c.objc; path = AppDelegate.m; sourceTree = "<group>"; };
		38C299941D139A090061C0A2 /* ViewController.h */ = {isa = PBXFileReference; lastKnownFileType = sourcecode.c.h; path = ViewController.h; sourceTree = "<group>"; };
		38C299951D139A090061C0A2 /* ViewController.m */ = {isa = PBXFileReference; lastKnownFileType = sourcecode.c.objc; path = ViewController.m; sourceTree = "<group>"; };
		38C299981D139A090061C0A2 /* Base */ = {isa = PBXFileReference; lastKnownFileType = file.storyboard; name = Base; path = Base.lproj/Main.storyboard; sourceTree = "<group>"; };
		38C2999A1D139A090061C0A2 /* Assets.xcassets */ = {isa = PBXFileReference; lastKnownFileType = folder.assetcatalog; path = Assets.xcassets; sourceTree = "<group>"; };
		38C2999D1D139A090061C0A2 /* Base */ = {isa = PBXFileReference; lastKnownFileType = file.storyboard; name = Base; path = Base.lproj/LaunchScreen.storyboard; sourceTree = "<group>"; };
		38C2999F1D139A090061C0A2 /* Info.plist */ = {isa = PBXFileReference; lastKnownFileType = text.plist.xml; path = Info.plist; sourceTree = "<group>"; };
		38C299A41D139A0A0061C0A2 /* sadsadsadTests.xctest */ = {isa = PBXFileReference; explicitFileType = wrapper.cfbundle; includeInIndex = 0; path = sadsadsadTests.xctest; sourceTree = BUILT_PRODUCTS_DIR; };
		38C299A81D139A0A0061C0A2 /* sadsadsadTests.m */ = {isa = PBXFileReference; lastKnownFileType = sourcecode.c.objc; path = sadsadsadTests.m; sourceTree = "<group>"; };
		38C299AA1D139A0A0061C0A2 /* Info.plist */ = {isa = PBXFileReference; lastKnownFileType = text.plist.xml; path = Info.plist; sourceTree = "<group>"; };
		38C299AF1D139A0A0061C0A2 /* sadsadsadUITests.xctest */ = {isa = PBXFileReference; explicitFileType = wrapper.cfbundle; includeInIndex = 0; path = sadsadsadUITests.xctest; sourceTree = BUILT_PRODUCTS_DIR; };
		38C299B31D139A0A0061C0A2 /* sadsadsadUITests.m */ = {isa = PBXFileReference; lastKnownFileType = sourcecode.c.objc; path = sadsadsadUITests.m; sourceTree = "<group>"; };
		38C299B51D139A0A0061C0A2 /* Info.plist */ = {isa = PBXFileReference; lastKnownFileType = text.plist.xml; path = Info.plist; sourceTree = "<group>"; };
/* End PBXFileReference section */

/* Begin PBXFrameworksBuildPhase section */
		38C299881D139A090061C0A2 /* Frameworks */ = {
			isa = PBXFrameworksBuildPhase;
			buildActionMask = 2147483647;
			files = (
			);
			runOnlyForDeploymentPostprocessing = 0;
		};
		38C299A11D139A0A0061C0A2 /* Frameworks */ = {
			isa = PBXFrameworksBuildPhase;
			buildActionMask = 2147483647;
			files = (
			);
			runOnlyForDeploymentPostprocessing = 0;
		};
		38C299AC1D139A0A0061C0A2 /* Frameworks */ = {
			isa = PBXFrameworksBuildPhase;
			buildActionMask = 2147483647;
			files = (
			);
			runOnlyForDeploymentPostprocessing = 0;
		};
/* End PBXFrameworksBuildPhase section */

/* Begin PBXGroup section */
		38C299821D139A090061C0A2 = {
			isa = PBXGroup;
			children = (
				38C2998D1D139A090061C0A2 /* sadsadsad */,
				38C299A71D139A0A0061C0A2 /* sadsadsadTests */,
				38C299B21D139A0A0061C0A2 /* sadsadsadUITests */,
				38C2998C1D139A090061C0A2 /* Products */,
			);
			sourceTree = "<group>";
		};
		38C2998C1D139A090061C0A2 /* Products */ = {
			isa = PBXGroup;
			children = (
				38C2998B1D139A090061C0A2 /* sadsadsad.app */,
				38C299A41D139A0A0061C0A2 /* sadsadsadTests.xctest */,
				38C299AF1D139A0A0061C0A2 /* sadsadsadUITests.xctest */,
			);
			name = Products;
			sourceTree = "<group>";
		};
		38C2998D1D139A090061C0A2 /* sadsadsad */ = {
			isa = PBXGroup;
			children = (
				38C299911D139A090061C0A2 /* AppDelegate.h */,
				38C299921D139A090061C0A2 /* AppDelegate.m */,
				38C299941D139A090061C0A2 /* ViewController.h */,
				38C299951D139A090061C0A2 /* ViewController.m */,
				38C299971D139A090061C0A2 /* Main.storyboard */,
				38C2999A1D139A090061C0A2 /* Assets.xcassets */,
				38C2999C1D139A090061C0A2 /* LaunchScreen.storyboard */,
				38C2999F1D139A090061C0A2 /* Info.plist */,
				38C2998E1D139A090061C0A2 /* Supporting Files */,
			);
			path = sadsadsad;
			sourceTree = "<group>";
		};
		38C2998E1D139A090061C0A2 /* Supporting Files */ = {
			isa = PBXGroup;
			children = (
				38C2998F1D139A090061C0A2 /* main.m */,
			);
			name = "Supporting Files";
			sourceTree = "<group>";
		};
		38C299A71D139A0A0061C0A2 /* sadsadsadTests */ = {
			isa = PBXGroup;
			children = (
				38C299A81D139A0A0061C0A2 /* sadsadsadTests.m */,
				38C299AA1D139A0A0061C0A2 /* Info.plist */,
			);
			path = sadsadsadTests;
			sourceTree = "<group>";
		};
		38C299B21D139A0A0061C0A2 /* sadsadsadUITests */ = {
			isa = PBXGroup;
			children = (
				38C299B31D139A0A0061C0A2 /* sadsadsadUITests.m */,
				38C299B51D139A0A0061C0A2 /* Info.plist */,
			);
			path = sadsadsadUITests;
			sourceTree = "<group>";
		};
/* End PBXGroup section */

/* Begin PBXNativeTarget section */
		38C2998A1D139A090061C0A2 /* sadsadsad */ = {
			isa = PBXNativeTarget;
			buildConfigurationList = 38C299B81D139A0A0061C0A2 /* Build configuration list for PBXNativeTarget "sadsadsad" */;
			buildPhases = (
				38C299871D139A090061C0A2 /* Sources */,
				38C299881D139A090061C0A2 /* Frameworks */,
				38C299891D139A090061C0A2 /* Resources */,
			);
			buildRules = (
			);
			dependencies = (
			);
			name = sadsadsad;
			productName = sadsadsad;
			productReference = 38C2998B1D139A090061C0A2 /* sadsadsad.app */;
			productType = "com.apple.product-type.application";
		};
		38C299A31D139A0A0061C0A2 /* sadsadsadTests */ = {
			isa = PBXNativeTarget;
			buildConfigurationList = 38C299BB1D139A0A0061C0A2 /* Build configuration list for PBXNativeTarget "sadsadsadTests" */;
			buildPhases = (
				38C299A01D139A0A0061C0A2 /* Sources */,
				38C299A11D139A0A0061C0A2 /* Frameworks */,
				38C299A21D139A0A0061C0A2 /* Resources */,
			);
			buildRules = (
			);
			dependencies = (
				38C299A61D139A0A0061C0A2 /* PBXTargetDependency */,
			);
			name = sadsadsadTests;
			productName = sadsadsadTests;
			productReference = 38C299A41D139A0A0061C0A2 /* sadsadsadTests.xctest */;
			productType = "com.apple.product-type.bundle.unit-test";
		};
		38C299AE1D139A0A0061C0A2 /* sadsadsadUITests */ = {
			isa = PBXNativeTarget;
			buildConfigurationList = 38C299BE1D139A0A0061C0A2 /* Build configuration list for PBXNativeTarget "sadsadsadUITests" */;
			buildPhases = (
				38C299AB1D139A0A0061C0A2 /* Sources */,
				38C299AC1D139A0A0061C0A2 /* Frameworks */,
				38C299AD1D139A0A0061C0A2 /* Resources */,
			);
			buildRules = (
			);
			dependencies = (
				38C299B11D139A0A0061C0A2 /* PBXTargetDependency */,
			);
			name = sadsadsadUITests;
			productName = sadsadsadUITests;
			productReference = 38C299AF1D139A0A0061C0A2 /* sadsadsadUITests.xctest */;
			productType = "com.apple.product-type.bundle.ui-testing";
		};
/* End PBXNativeTarget section */

/* Begin PBXProject section */
		38C299831D139A090061C0A2 /* Project object */ = {
			isa = PBXProject;
			attributes = {
				LastUpgradeCheck = 0730;
				ORGANIZATIONNAME = Demon;
				TargetAttributes = {
					38C2998A1D139A090061C0A2 = {
						CreatedOnToolsVersion = 7.3.1;
					};
					38C299A31D139A0A0061C0A2 = {
						CreatedOnToolsVersion = 7.3.1;
						TestTargetID = 38C2998A1D139A090061C0A2;
					};
					38C299AE1D139A0A0061C0A2 = {
						CreatedOnToolsVersion = 7.3.1;
						TestTargetID = 38C2998A1D139A090061C0A2;
					};
				};
			};
			buildConfigurationList = 38C299861D139A090061C0A2 /* Build configuration list for PBXProject "sadsadsad" */;
			compatibilityVersion = "Xcode 3.2";
			developmentRegion = English;
			hasScannedForEncodings = 0;
			knownRegions = (
				en,
				Base,
			);
			mainGroup = 38C299821D139A090061C0A2;
			productRefGroup = 38C2998C1D139A090061C0A2 /* Products */;
			projectDirPath = "";
			projectRoot = "";
			targets = (
				38C2998A1D139A090061C0A2 /* sadsadsad */,
				38C299A31D139A0A0061C0A2 /* sadsadsadTests */,
				38C299AE1D139A0A0061C0A2 /* sadsadsadUITests */,
			);
		};
/* End PBXProject section */

/* Begin PBXResourcesBuildPhase section */
		38C299891D139A090061C0A2 /* Resources */ = {
			isa = PBXResourcesBuildPhase;
			buildActionMask = 2147483647;
			files = (
				38C2999E1D139A090061C0A2 /* LaunchScreen.storyboard in Resources */,
				38C2999B1D139A090061C0A2 /* Assets.xcassets in Resources */,
				38C299991D139A090061C0A2 /* Main.storyboard in Resources */,
			);
			runOnlyForDeploymentPostprocessing = 0;
		};
		38C299A21D139A0A0061C0A2 /* Resources */ = {
			isa = PBXResourcesBuildPhase;
			buildActionMask = 2147483647;
			files = (
			);
			runOnlyForDeploymentPostprocessing = 0;
		};
		38C299AD1D139A0A0061C0A2 /* Resources */ = {
			isa = PBXResourcesBuildPhase;
			buildActionMask = 2147483647;
			files = (
			);
			runOnlyForDeploymentPostprocessing = 0;
		};
/* End PBXResourcesBuildPhase section */

/* Begin PBXSourcesBuildPhase section */
		38C299871D139A090061C0A2 /* Sources */ = {
			isa = PBXSourcesBuildPhase;
			buildActionMask = 2147483647;
			files = (
				38C299961D139A090061C0A2 /* ViewController.m in Sources */,
				38C299931D139A090061C0A2 /* AppDelegate.m in Sources */,
				38C299901D139A090061C0A2 /* main.m in Sources */,
			);
			runOnlyForDeploymentPostprocessing = 0;
		};
		38C299A01D139A0A0061C0A2 /* Sources */ = {
			isa = PBXSourcesBuildPhase;
			buildActionMask = 2147483647;
			files = (
				38C299A91D139A0A0061C0A2 /* sadsadsadTests.m in Sources */,
			);
			runOnlyForDeploymentPostprocessing = 0;
		};
		38C299AB1D139A0A0061C0A2 /* Sources */ = {
			isa = PBXSourcesBuildPhase;
			buildActionMask = 2147483647;
			files = (
				38C299B41D139A0A0061C0A2 /* sadsadsadUITests.m in Sources */,
			);
			runOnlyForDeploymentPostprocessing = 0;
		};
/* End PBXSourcesBuildPhase section */

/* Begin PBXTargetDependency section */
		38C299A61D139A0A0061C0A2 /* PBXTargetDependency */ = {
			isa = PBXTargetDependency;
			target = 38C2998A1D139A090061C0A2 /* sadsadsad */;
			targetProxy = 38C299A51D139A0A0061C0A2 /* PBXContainerItemProxy */;
		};
		38C299B11D139A0A0061C0A2 /* PBXTargetDependency */ = {
			isa = PBXTargetDependency;
			target = 38C2998A1D139A090061C0A2 /* sadsadsad */;
			targetProxy = 38C299B01D139A0A0061C0A2 /* PBXContainerItemProxy */;
		};
/* End PBXTargetDependency section */

/* Begin PBXVariantGroup section */
		38C299971D139A090061C0A2 /* Main.storyboard */ = {
			isa = PBXVariantGroup;
			children = (
				38C299981D139A090061C0A2 /* Base */,
			);
			name = Main.storyboard;
			sourceTree = "<group>";
		};
		38C2999C1D139A090061C0A2 /* LaunchScreen.storyboard */ = {
			isa = PBXVariantGroup;
			children = (
				38C2999D1D139A090061C0A2 /* Base */,
			);
			name = LaunchScreen.storyboard;
			sourceTree = "<group>";
		};
/* End PBXVariantGroup section */

/* Begin XCBuildConfiguration section */
		38C299B61D139A0A0061C0A2 /* Debug */ = {
			isa = XCBuildConfiguration;
			buildSettings = {
				ALWAYS_SEARCH_USER_PATHS = NO;
				CLANG_ANALYZER_NONNULL = YES;
				CLANG_CXX_LANGUAGE_STANDARD = "gnu++0x";
				CLANG_CXX_LIBRARY = "libc++";
				CLANG_ENABLE_MODULES = YES;
				CLANG_ENABLE_OBJC_ARC = YES;
				CLANG_WARN_BOOL_CONVERSION = YES;
				CLANG_WARN_CONSTANT_CONVERSION = YES;
				CLANG_WARN_DIRECT_OBJC_ISA_USAGE = YES_ERROR;
				CLANG_WARN_EMPTY_BODY = YES;
				CLANG_WARN_ENUM_CONVERSION = YES;
				CLANG_WARN_INT_CONVERSION = YES;
				CLANG_WARN_OBJC_ROOT_CLASS = YES_ERROR;
				CLANG_WARN_UNREACHABLE_CODE = YES;
				CLANG_WARN__DUPLICATE_METHOD_MATCH = YES;
				"CODE_SIGN_IDENTITY[sdk=iphoneos*]" = "iPhone Developer";
				COPY_PHASE_STRIP = NO;
				DEBUG_INFORMATION_FORMAT = dwarf;
				ENABLE_STRICT_OBJC_MSGSEND = YES;
				ENABLE_TESTABILITY = YES;
				GCC_C_LANGUAGE_STANDARD = gnu99;
				GCC_DYNAMIC_NO_PIC = NO;
				GCC_NO_COMMON_BLOCKS = YES;
				GCC_OPTIMIZATION_LEVEL = 0;
				GCC_PREPROCESSOR_DEFINITIONS = (
					"DEBUG=1",
					"$(inherited)",
				);
				GCC_WARN_64_TO_32_BIT_CONVERSION = YES;
				GCC_WARN_ABOUT_RETURN_TYPE = YES_ERROR;
				GCC_WARN_UNDECLARED_SELECTOR = YES;
				GCC_WARN_UNINITIALIZED_AUTOS = YES_AGGRESSIVE;
				GCC_WARN_UNUSED_FUNCTION = YES;
				GCC_WARN_UNUSED_VARIABLE = YES;
				IPHONEOS_DEPLOYMENT_TARGET = 9.3;
				MTL_ENABLE_DEBUG_INFO = YES;
				ONLY_ACTIVE_ARCH = YES;
				SDKROOT = iphoneos;
				TARGETED_DEVICE_FAMILY = "1,2";
			};
			name = Debug;
		};
		38C299B71D139A0A0061C0A2 /* Release */ = {
			isa = XCBuildConfiguration;
			buildSettings = {
				ALWAYS_SEARCH_USER_PATHS = NO;
				CLANG_ANALYZER_NONNULL = YES;
				CLANG_CXX_LANGUAGE_STANDARD = "gnu++0x";
				CLANG_CXX_LIBRARY = "libc++";
				CLANG_ENABLE_MODULES = YES;
				CLANG_ENABLE_OBJC_ARC = YES;
				CLANG_WARN_BOOL_CONVERSION = YES;
				CLANG_WARN_CONSTANT_CONVERSION = YES;
				CLANG_WARN_DIRECT_OBJC_ISA_USAGE = YES_ERROR;
				CLANG_WARN_EMPTY_BODY = YES;
				CLANG_WARN_ENUM_CONVERSION = YES;
				CLANG_WARN_INT_CONVERSION = YES;
				CLANG_WARN_OBJC_ROOT_CLASS = YES_ERROR;
				CLANG_WARN_UNREACHABLE_CODE = YES;
				CLANG_WARN__DUPLICATE_METHOD_MATCH = YES;
				"CODE_SIGN_IDENTITY[sdk=iphoneos*]" = "iPhone Developer";
				COPY_PHASE_STRIP = NO;
				DEBUG_INFORMATION_FORMAT = "dwarf-with-dsym";
				ENABLE_NS_ASSERTIONS = NO;
				ENABLE_STRICT_OBJC_MSGSEND = YES;
				GCC_C_LANGUAGE_STANDARD = gnu99;
				GCC_NO_COMMON_BLOCKS = YES;
				GCC_WARN_64_TO_32_BIT_CONVERSION = YES;
				GCC_WARN_ABOUT_RETURN_TYPE = YES_ERROR;
				GCC_WARN_UNDECLARED_SELECTOR = YES;
				GCC_WARN_UNINITIALIZED_AUTOS = YES_AGGRESSIVE;
				GCC_WARN_UNUSED_FUNCTION = YES;
				GCC_WARN_UNUSED_VARIABLE = YES;
				IPHONEOS_DEPLOYMENT_TARGET = 9.3;
				MTL_ENABLE_DEBUG_INFO = NO;
				SDKROOT = iphoneos;
				TARGETED_DEVICE_FAMILY = "1,2";
				VALIDATE_PRODUCT = YES;
			};
			name = Release;
		};
		38C299B91D139A0A0061C0A2 /* Debug */ = {
			isa = XCBuildConfiguration;
			buildSettings = {
				ASSETCATALOG_COMPILER_APPICON_NAME = AppIcon;
				INFOPLIST_FILE = sadsadsad/Info.plist;
				LD_RUNPATH_SEARCH_PATHS = "$(inherited) @executable_path/Frameworks";
				PRODUCT_BUNDLE_IDENTIFIER = CBN.sadsadsad;
				PRODUCT_NAME = "$(TARGET_NAME)";
			};
			name = Debug;
		};
		38C299BA1D139A0A0061C0A2 /* Release */ = {
			isa = XCBuildConfiguration;
			buildSettings = {
				ASSETCATALOG_COMPILER_APPICON_NAME = AppIcon;
				INFOPLIST_FILE = sadsadsad/Info.plist;
				LD_RUNPATH_SEARCH_PATHS = "$(inherited) @executable_path/Frameworks";
				PRODUCT_BUNDLE_IDENTIFIER = CBN.sadsadsad;
				PRODUCT_NAME = "$(TARGET_NAME)";
			};
			name = Release;
		};
		38C299BC1D139A0A0061C0A2 /* Debug */ = {
			isa = XCBuildConfiguration;
			buildSettings = {
				BUNDLE_LOADER = "$(TEST_HOST)";
				INFOPLIST_FILE = sadsadsadTests/Info.plist;
				LD_RUNPATH_SEARCH_PATHS = "$(inherited) @executable_path/Frameworks @loader_path/Frameworks";
				PRODUCT_BUNDLE_IDENTIFIER = CBN.sadsadsadTests;
				PRODUCT_NAME = "$(TARGET_NAME)";
				TEST_HOST = "$(BUILT_PRODUCTS_DIR)/sadsadsad.app/sadsadsad";
			};
			name = Debug;
		};
		38C299BD1D139A0A0061C0A2 /* Release */ = {
			isa = XCBuildConfiguration;
			buildSettings = {
				BUNDLE_LOADER = "$(TEST_HOST)";
				INFOPLIST_FILE = sadsadsadTests/Info.plist;
				LD_RUNPATH_SEARCH_PATHS = "$(inherited) @executable_path/Frameworks @loader_path/Frameworks";
				PRODUCT_BUNDLE_IDENTIFIER = CBN.sadsadsadTests;
				PRODUCT_NAME = "$(TARGET_NAME)";
				TEST_HOST = "$(BUILT_PRODUCTS_DIR)/sadsadsad.app/sadsadsad";
			};
			name = Release;
		};
		38C299BF1D139A0A0061C0A2 /* Debug */ = {
			isa = XCBuildConfiguration;
			buildSettings = {
				INFOPLIST_FILE = sadsadsadUITests/Info.plist;
				LD_RUNPATH_SEARCH_PATHS = "$(inherited) @executable_path/Frameworks @loader_path/Frameworks";
				PRODUCT_BUNDLE_IDENTIFIER = CBN.sadsadsadUITests;
				PRODUCT_NAME = "$(TARGET_NAME)";
				TEST_TARGET_NAME = sadsadsad;
			};
			name = Debug;
		};
		38C299C01D139A0A0061C0A2 /* Release */ = {
			isa = XCBuildConfiguration;
			buildSettings = {
				INFOPLIST_FILE = sadsadsadUITests/Info.plist;
				LD_RUNPATH_SEARCH_PATHS = "$(inherited) @executable_path/Frameworks @loader_path/Frameworks";
				PRODUCT_BUNDLE_IDENTIFIER = CBN.sadsadsadUITests;
				PRODUCT_NAME = "$(TARGET_NAME)";
				TEST_TARGET_NAME = sadsadsad;
			};
			name = Release;
		};
/* End XCBuildConfiguration section */

/* Begin XCConfigurationList section */
		38C299861D139A090061C0A2 /* Build configuration list for PBXProject "sadsadsad" */ = {
			isa = XCConfigurationList;
			buildConfigurations = (
				38C299B61D139A0A0061C0A2 /* Debug */,
				38C299B71D139A0A0061C0A2 /* Release */,
			);
			defaultConfigurationIsVisible = 0;
			defaultConfigurationName = Release;
		};
		38C299B81D139A0A0061C0A2 /* Build configuration list for PBXNativeTarget "sadsadsad" */ = {
			isa = XCConfigurationList;
			buildConfigurations = (
				38C299B91D139A0A0061C0A2 /* Debug */,
				38C299BA1D139A0A0061C0A2 /* Release */,
			);
			defaultConfigurationIsVisible = 0;
		};
		38C299BB1D139A0A0061C0A2 /* Build configuration list for PBXNativeTarget "sadsadsadTests" */ = {
			isa = XCConfigurationList;
			buildConfigurations = (
				38C299BC1D139A0A0061C0A2 /* Debug */,
				38C299BD1D139A0A0061C0A2 /* Release */,
			);
			defaultConfigurationIsVisible = 0;
		};
		38C299BE1D139A0A0061C0A2 /* Build configuration list for PBXNativeTarget "sadsadsadUITests" */ = {
			isa = XCConfigurationList;
			buildConfigurations = (
				38C299BF1D139A0A0061C0A2 /* Debug */,
				38C299C01D139A0A0061C0A2 /* Release */,
			);
			defaultConfigurationIsVisible = 0;
		};
/* End XCConfigurationList section */
	};
	rootObject = 38C299831D139A090061C0A2 /* Project object */;
}
